
Microsoft Visual Studio Solution File, Format Version 12.00
# Visual Studio Version 16
VisualStudioVersion = 16.0.30114.105
MinimumVisualStudioVersion = 10.0.40219.1
Project("{FAE04EC0-301F-11D3-BF4B-00C04F79EFBC}") = "CoreReact", "CoreReact.csproj", "{11451E8B-BE89-45F3-A12F-C939AA45E93A}"
EndProject
Global
	GlobalSection(SolutionConfigurationPlatforms) = preSolution
		Debug|Any CPU = Debug|Any CPU
		Release|Any CPU = Release|Any CPU
	EndGlobalSection
	GlobalSection(ProjectConfigurationPlatforms) = postSolution
		{11451E8B-BE89-45F3-A12F-C939AA45E93A}.Debug|Any CPU.ActiveCfg = Debug|Any CPU
		{11451E8B-BE89-45F3-A12F-C939AA45E93A}.Debug|Any CPU.Build.0 = Debug|Any CPU
		{11451E8B-BE89-45F3-A12F-C939AA45E93A}.Release|Any CPU.ActiveCfg = Release|Any CPU
		{11451E8B-BE89-45F3-A12F-C939AA45E93A}.Release|Any CPU.Build.0 = Release|Any CPU
	EndGlobalSection
	GlobalSection(SolutionProperties) = preSolution
		HideSolutionNode = FALSE
	EndGlobalSection
	GlobalSection(ExtensibilityGlobals) = postSolution
		SolutionGuid = {3256A345-B54B-4558-8F4A-A4A12247E40F}
	EndGlobalSection
EndGlobal
